
Microsoft Visual Studio Solution File, Format Version 12.00
# Visual Studio Version 17
VisualStudioVersion = 17.10.34928.147
MinimumVisualStudioVersion = 10.0.40219.1
Project("{FAE04EC0-301F-11D3-BF4B-00C04F79EFBC}") = "MeditationVeranstaltungApp", "MeditationVeranstaltungApp\MeditationVeranstaltungApp.csproj", "{DC395A5C-E8B9-464F-99A5-BFA13FF5AFB8}"
EndProject
Global
	GlobalSection(SolutionConfigurationPlatforms) = preSolution
		Debug|Any CPU = Debug|Any CPU
		Release|Any CPU = Release|Any CPU
	EndGlobalSection
	GlobalSection(ProjectConfigurationPlatforms) = postSolution
		{DC395A5C-E8B9-464F-99A5-BFA13FF5AFB8}.Debug|Any CPU.ActiveCfg = Debug|Any CPU
		{DC395A5C-E8B9-464F-99A5-BFA13FF5AFB8}.Debug|Any CPU.Build.0 = Debug|Any CPU
		{DC395A5C-E8B9-464F-99A5-BFA13FF5AFB8}.Release|Any CPU.ActiveCfg = Release|Any CPU
		{DC395A5C-E8B9-464F-99A5-BFA13FF5AFB8}.Release|Any CPU.Build.0 = Release|Any CPU
	EndGlobalSection
	GlobalSection(SolutionProperties) = preSolution
		HideSolutionNode = FALSE
	EndGlobalSection
	GlobalSection(ExtensibilityGlobals) = postSolution
		SolutionGuid = {E7CF95ED-2113-4658-A8DF-4C5A5811DC6A}
	EndGlobalSection
EndGlobal
